Microsoft Visual Studio Solution File, Format Version 12.00
# Visual Studio Version 17
VisualStudioVersion = 17.13.35913.81
MinimumVisualStudioVersion = 10.0.40219.1
Project("{FAE04EC0-301F-11D3-BF4B-00C04F79EFBC}") = "class-libraries_inheritance.App", "class-libraries_inheritance.App\class-libraries_inheritance.App.csproj", "{23968D9C-CC98-4E23-9DFA-68DAE637FEB6}"
EndProject
Project("{FAE04EC0-301F-11D3-BF4B-00C04F79EFBC}") = "TeamManagement", "TeamManagement\TeamManagement.csproj", "{A83FC2D9-1AE4-40B5-A4B6-D7277F7E9011}"
EndProject
Global
	GlobalSection(SolutionConfigurationPlatforms) = preSolution
		Debug|Any CPU = Debug|Any CPU
		Release|Any CPU = Release|Any CPU
	EndGlobalSection
	GlobalSection(ProjectConfigurationPlatforms) = postSolution
		{23968D9C-CC98-4E23-9DFA-68DAE637FEB6}.Debug|Any CPU.ActiveCfg = Debug|Any CPU
		{23968D9C-CC98-4E23-9DFA-68DAE637FEB6}.Debug|Any CPU.Build.0 = Debug|Any CPU
		{23968D9C-CC98-4E23-9DFA-68DAE637FEB6}.Release|Any CPU.ActiveCfg = Release|Any CPU
		{23968D9C-CC98-4E23-9DFA-68DAE637FEB6}.Release|Any CPU.Build.0 = Release|Any CPU
		{A83FC2D9-1AE4-40B5-A4B6-D7277F7E9011}.Debug|Any CPU.ActiveCfg = Debug|Any CPU
		{A83FC2D9-1AE4-40B5-A4B6-D7277F7E9011}.Debug|Any CPU.Build.0 = Debug|Any CPU
		{A83FC2D9-1AE4-40B5-A4B6-D7277F7E9011}.Release|Any CPU.ActiveCfg = Release|Any CPU
		{A83FC2D9-1AE4-40B5-A4B6-D7277F7E9011}.Release|Any CPU.Build.0 = Release|Any CPU
	EndGlobalSection
	GlobalSection(SolutionProperties) = preSolution
		HideSolutionNode = FALSE
	EndGlobalSection
	GlobalSection(ExtensibilityGlobals) = postSolution
		SolutionGuid = {96AA4B95-8BFC-4F3B-AEA4-A9E8F8736750}
	EndGlobalSection
EndGlobal
