
Microsoft Visual Studio Solution File, Format Version 12.00
# Visual Studio Version 17
VisualStudioVersion = 17.13.35825.156 d17.13
MinimumVisualStudioVersion = 10.0.40219.1
Project("{FAE04EC0-301F-11D3-BF4B-00C04F79EFBC}") = "bonus_pt1.App", "bonus_pt1.App\bonus_pt1.App.csproj", "{2D7F2B2C-E702-4A04-BDD1-E1DC45CE0D76}"
EndProject
Global
	GlobalSection(SolutionConfigurationPlatforms) = preSolution
		Debug|Any CPU = Debug|Any CPU
		Release|Any CPU = Release|Any CPU
	EndGlobalSection
	GlobalSection(ProjectConfigurationPlatforms) = postSolution
		{2D7F2B2C-E702-4A04-BDD1-E1DC45CE0D76}.Debug|Any CPU.ActiveCfg = Debug|Any CPU
		{2D7F2B2C-E702-4A04-BDD1-E1DC45CE0D76}.Debug|Any CPU.Build.0 = Debug|Any CPU
		{2D7F2B2C-E702-4A04-BDD1-E1DC45CE0D76}.Release|Any CPU.ActiveCfg = Release|Any CPU
		{2D7F2B2C-E702-4A04-BDD1-E1DC45CE0D76}.Release|Any CPU.Build.0 = Release|Any CPU
	EndGlobalSection
	GlobalSection(SolutionProperties) = preSolution
		HideSolutionNode = FALSE
	EndGlobalSection
	GlobalSection(ExtensibilityGlobals) = postSolution
		SolutionGuid = {E26643A5-0B48-428E-90B7-4B2BE6FA21CC}
	EndGlobalSection
EndGlobal
